// !$*UTF8*$!
{
	archiveVersion = 1;
	classes = {
	};
	objectVersion = 46;
	objects = {

/* Begin PBXBuildFile section */
		3EB101C5AE3DBE1B0F00F0C1 /* Pods_att2UITests.framework in Frameworks */ = {isa = PBXBuildFile; fileRef = 83383CD68FCE1B02F0C41DD8 /* Pods_att2UITests.framework */; };
		684D0E741FBCB5FA00A55755 /* Main.storyboard in Resources */ = {isa = PBXBuildFile; fileRef = 684D0E721FBCB5FA00A55755 /* Main.storyboard */; };
		684D0E761FBCB5FA00A55755 /* Assets.xcassets in Resources */ = {isa = PBXBuildFile; fileRef = 684D0E751FBCB5FA00A55755 /* Assets.xcassets */; };
		684D0E791FBCB5FA00A55755 /* LaunchScreen.storyboard in Resources */ = {isa = PBXBuildFile; fileRef = 684D0E771FBCB5FA00A55755 /* LaunchScreen.storyboard */; };
		684D0E841FBCB5FA00A55755 /* att2Tests.swift in Sources */ = {isa = PBXBuildFile; fileRef = 684D0E831FBCB5FA00A55755 /* att2Tests.swift */; };
		684D0E8F1FBCB5FA00A55755 /* att2UITests.swift in Sources */ = {isa = PBXBuildFile; fileRef = 684D0E8E1FBCB5FA00A55755 /* att2UITests.swift */; };
		A66AF909259FD78B3E14FE42 /* Pods_att2Tests.framework in Frameworks */ = {isa = PBXBuildFile; fileRef = 2EC02B69AEA1238522229691 /* Pods_att2Tests.framework */; };
		FA0323C41FC4CF440087DAF0 /* GroupListViewController.swift in Sources */ = {isa = PBXBuildFile; fileRef = FA0323C31FC4CF440087DAF0 /* GroupListViewController.swift */; };
		FA22A9B01FCDFFFB00C7EE45 /* GroupInfoViewController.swift in Sources */ = {isa = PBXBuildFile; fileRef = FA22A9AF1FCDFFFB00C7EE45 /* GroupInfoViewController.swift */; };
		FA22A9B21FCE662F00C7EE45 /* CreateGroupViewController.swift in Sources */ = {isa = PBXBuildFile; fileRef = FA22A9B11FCE662F00C7EE45 /* CreateGroupViewController.swift */; };
		FA4C3F581FD1D166009F149C /* Pods_att2.framework in Frameworks */ = {isa = PBXBuildFile; fileRef = FA4C3F591FD1D166009F149C /* Pods_att2.framework */; };
		FA4C3F5A1FD1D174009F149C /* MapKit.framework in Frameworks */ = {isa = PBXBuildFile; fileRef = 684D0E9F1FBCB73B00A55755 /* MapKit.framework */; };
		FA765DBF1FD200D8000741A6 /* EventInfoViewController.swift in Sources */ = {isa = PBXBuildFile; fileRef = FA765DBE1FD200D8000741A6 /* EventInfoViewController.swift */; };
		FA88135F1FD36372006D6B10 /* CurrentEventViewController.swift in Sources */ = {isa = PBXBuildFile; fileRef = FA88135E1FD36372006D6B10 /* CurrentEventViewController.swift */; };
		FA8813611FD39A30006D6B10 /* EventHistoryViewController.swift in Sources */ = {isa = PBXBuildFile; fileRef = FA8813601FD39A30006D6B10 /* EventHistoryViewController.swift */; };
		FA882E501FC26F5C00D609BC /* Base.lproj in Resources */ = {isa = PBXBuildFile; fileRef = FA882E481FC26F5B00D609BC /* Base.lproj */; };
		FA882E511FC26F5C00D609BC /* SearchViewController.swift in Sources */ = {isa = PBXBuildFile; fileRef = FA882E491FC26F5B00D609BC /* SearchViewController.swift */; };
		FA882E531FC26F5C00D609BC /* AppDelegate.swift in Sources */ = {isa = PBXBuildFile; fileRef = FA882E4B1FC26F5B00D609BC /* AppDelegate.swift */; };
		FA882E541FC26F5C00D609BC /* LocationPoint.swift in Sources */ = {isa = PBXBuildFile; fileRef = FA882E4C1FC26F5C00D609BC /* LocationPoint.swift */; };
		FA882E561FC26F5C00D609BC /* Info.plist in Resources */ = {isa = PBXBuildFile; fileRef = FA882E4E1FC26F5C00D609BC /* Info.plist */; };
		FA882E571FC26F5C00D609BC /* ViewController.swift in Sources */ = {isa = PBXBuildFile; fileRef = FA882E4F1FC26F5C00D609BC /* ViewController.swift */; };
		FA882E591FC2771F00D609BC /* GoogleService-Info.plist in Resources */ = {isa = PBXBuildFile; fileRef = FA882E581FC2771F00D609BC /* GoogleService-Info.plist */; };
		FA8E9C7B1FC4D07F0011ADD2 /* Group.swift in Sources */ = {isa = PBXBuildFile; fileRef = FA8E9C7A1FC4D07F0011ADD2 /* Group.swift */; };
		FA8E9C7D1FC4D0AF0011ADD2 /* User.swift in Sources */ = {isa = PBXBuildFile; fileRef = FA8E9C7C1FC4D0AF0011ADD2 /* User.swift */; };
		FA8E9C7F1FC4D0F80011ADD2 /* Event.swift in Sources */ = {isa = PBXBuildFile; fileRef = FA8E9C7E1FC4D0F80011ADD2 /* Event.swift */; };
		FA8E9C811FC542390011ADD2 /* LoginViewController.swift in Sources */ = {isa = PBXBuildFile; fileRef = FA8E9C801FC542390011ADD2 /* LoginViewController.swift */; };
		FA90750C1FC638110079CFDA /* MainTabBarController.swift in Sources */ = {isa = PBXBuildFile; fileRef = FA90750B1FC638110079CFDA /* MainTabBarController.swift */; };
		FA9075101FC63EE00079CFDA /* RegistrationViewController.swift in Sources */ = {isa = PBXBuildFile; fileRef = FA90750F1FC63EE00079CFDA /* RegistrationViewController.swift */; };
		FAE3686E1FD1E9E100F359B4 /* SelectLocationViewController.swift in Sources */ = {isa = PBXBuildFile; fileRef = FAE3686D1FD1E9E100F359B4 /* SelectLocationViewController.swift */; };
		FAE9A4861FD2182E00B77EFA /* HomeViewController.swift in Sources */ = {isa = PBXBuildFile; fileRef = FAE9A4851FD2182E00B77EFA /* HomeViewController.swift */; };
/* End PBXBuildFile section */

/* Begin PBXContainerItemProxy section */
		684D0E801FBCB5FA00A55755 /* PBXContainerItemProxy */ = {
			isa = PBXContainerItemProxy;
			containerPortal = 684D0E631FBCB5FA00A55755 /* Project object */;
			proxyType = 1;
			remoteGlobalIDString = 684D0E6A1FBCB5FA00A55755;
			remoteInfo = att2;
		};
		684D0E8B1FBCB5FA00A55755 /* PBXContainerItemProxy */ = {
			isa = PBXContainerItemProxy;
			containerPortal = 684D0E631FBCB5FA00A55755 /* Project object */;
			proxyType = 1;
			remoteGlobalIDString = 684D0E6A1FBCB5FA00A55755;
			remoteInfo = att2;
		};
/* End PBXContainerItemProxy section */

/* Begin PBXFileReference section */
		19A13D915AEC1D2B5CE0DD0B /* Pods-att2.debug.xcconfig */ = {isa = PBXFileReference; includeInIndex = 1; lastKnownFileType = text.xcconfig; name = "Pods-att2.debug.xcconfig"; path = "Pods/Target Support Files/Pods-att2/Pods-att2.debug.xcconfig"; sourceTree = "<group>"; };
		2EC02B69AEA1238522229691 /* Pods_att2Tests.framework */ = {isa = PBXFileReference; explicitFileType = wrapper.framework; includeInIndex = 0; path = Pods_att2Tests.framework; sourceTree = BUILT_PRODUCTS_DIR; };
		38C881E15F19B606CF18BDC1 /* Pods-att2Tests.release.xcconfig */ = {isa = PBXFileReference; includeInIndex = 1; lastKnownFileType = text.xcconfig; name = "Pods-att2Tests.release.xcconfig"; path = "Pods/Target Support Files/Pods-att2Tests/Pods-att2Tests.release.xcconfig"; sourceTree = "<group>"; };
		45780A4412F11CAFEDF8BB40 /* Pods-att2UITests.debug.xcconfig */ = {isa = PBXFileReference; includeInIndex = 1; lastKnownFileType = text.xcconfig; name = "Pods-att2UITests.debug.xcconfig"; path = "Pods/Target Support Files/Pods-att2UITests/Pods-att2UITests.debug.xcconfig"; sourceTree = "<group>"; };
		684D0E6B1FBCB5FA00A55755 /* att2.app */ = {isa = PBXFileReference; explicitFileType = wrapper.application; includeInIndex = 0; path = att2.app; sourceTree = BUILT_PRODUCTS_DIR; };
		684D0E731FBCB5FA00A55755 /* Base */ = {isa = PBXFileReference; lastKnownFileType = file.storyboard; name = Base; path = Base.lproj/Main.storyboard; sourceTree = "<group>"; };
		684D0E751FBCB5FA00A55755 /* Assets.xcassets */ = {isa = PBXFileReference; lastKnownFileType = folder.assetcatalog; path = Assets.xcassets; sourceTree = "<group>"; };
		684D0E781FBCB5FA00A55755 /* Base */ = {isa = PBXFileReference; lastKnownFileType = file.storyboard; name = Base; path = Base.lproj/LaunchScreen.storyboard; sourceTree = "<group>"; };
		684D0E7A1FBCB5FA00A55755 /* Info.plist */ = {isa = PBXFileReference; lastKnownFileType = text.plist.xml; path = Info.plist; sourceTree = "<group>"; };
		684D0E7F1FBCB5FA00A55755 /* att2Tests.xctest */ = {isa = PBXFileReference; explicitFileType = wrapper.cfbundle; includeInIndex = 0; path = att2Tests.xctest; sourceTree = BUILT_PRODUCTS_DIR; };
		684D0E831FBCB5FA00A55755 /* att2Tests.swift */ = {isa = PBXFileReference; lastKnownFileType = sourcecode.swift; path = att2Tests.swift; sourceTree = "<group>"; };
		684D0E851FBCB5FA00A55755 /* Info.plist */ = {isa = PBXFileReference; lastKnownFileType = text.plist.xml; path = Info.plist; sourceTree = "<group>"; };
		684D0E8A1FBCB5FA00A55755 /* att2UITests.xctest */ = {isa = PBXFileReference; explicitFileType = wrapper.cfbundle; includeInIndex = 0; path = att2UITests.xctest; sourceTree = BUILT_PRODUCTS_DIR; };
		684D0E8E1FBCB5FA00A55755 /* att2UITests.swift */ = {isa = PBXFileReference; lastKnownFileType = sourcecode.swift; path = att2UITests.swift; sourceTree = "<group>"; };
		684D0E901FBCB5FA00A55755 /* Info.plist */ = {isa = PBXFileReference; lastKnownFileType = text.plist.xml; path = Info.plist; sourceTree = "<group>"; };
		684D0E9F1FBCB73B00A55755 /* MapKit.framework */ = {isa = PBXFileReference; lastKnownFileType = wrapper.framework; name = MapKit.framework; path = System/Library/Frameworks/MapKit.framework; sourceTree = SDKROOT; };
		83383CD68FCE1B02F0C41DD8 /* Pods_att2UITests.framework */ = {isa = PBXFileReference; explicitFileType = wrapper.framework; includeInIndex = 0; path = Pods_att2UITests.framework; sourceTree = BUILT_PRODUCTS_DIR; };
		88B1963C5D9F4795AAD891B8 /* Pods-att2UITests.release.xcconfig */ = {isa = PBXFileReference; includeInIndex = 1; lastKnownFileType = text.xcconfig; name = "Pods-att2UITests.release.xcconfig"; path = "Pods/Target Support Files/Pods-att2UITests/Pods-att2UITests.release.xcconfig"; sourceTree = "<group>"; };
		98FD9146AEDA6080648D1379 /* Pods-att2Tests.debug.xcconfig */ = {isa = PBXFileReference; includeInIndex = 1; lastKnownFileType = text.xcconfig; name = "Pods-att2Tests.debug.xcconfig"; path = "Pods/Target Support Files/Pods-att2Tests/Pods-att2Tests.debug.xcconfig"; sourceTree = "<group>"; };
		A012574C08B72B360AA50F9F /* Pods_att2.framework */ = {isa = PBXFileReference; explicitFileType = wrapper.framework; includeInIndex = 0; path = Pods_att2.framework; sourceTree = BUILT_PRODUCTS_DIR; };
		A70B0A97272C6050B2EE3544 /* Pods-att2.release.xcconfig */ = {isa = PBXFileReference; includeInIndex = 1; lastKnownFileType = text.xcconfig; name = "Pods-att2.release.xcconfig"; path = "Pods/Target Support Files/Pods-att2/Pods-att2.release.xcconfig"; sourceTree = "<group>"; };
		FA0323C31FC4CF440087DAF0 /* GroupListViewController.swift */ = {isa = PBXFileReference; lastKnownFileType = sourcecode.swift; path = GroupListViewController.swift; sourceTree = "<group>"; };
		FA22A9AF1FCDFFFB00C7EE45 /* GroupInfoViewController.swift */ = {isa = PBXFileReference; lastKnownFileType = sourcecode.swift; path = GroupInfoViewController.swift; sourceTree = "<group>"; };
		FA22A9B11FCE662F00C7EE45 /* CreateGroupViewController.swift */ = {isa = PBXFileReference; lastKnownFileType = sourcecode.swift; path = CreateGroupViewController.swift; sourceTree = "<group>"; };
		FA4C3F571FD1D0BB009F149C /* SwiftyJSON.framework */ = {isa = PBXFileReference; explicitFileType = wrapper.framework; path = SwiftyJSON.framework; sourceTree = BUILT_PRODUCTS_DIR; };
		FA4C3F591FD1D166009F149C /* Pods_att2.framework */ = {isa = PBXFileReference; explicitFileType = wrapper.framework; path = Pods_att2.framework; sourceTree = BUILT_PRODUCTS_DIR; };
		FA765DBE1FD200D8000741A6 /* EventInfoViewController.swift */ = {isa = PBXFileReference; fileEncoding = 4; lastKnownFileType = sourcecode.swift; path = EventInfoViewController.swift; sourceTree = "<group>"; };
		FA88135E1FD36372006D6B10 /* CurrentEventViewController.swift */ = {isa = PBXFileReference; lastKnownFileType = sourcecode.swift; path = CurrentEventViewController.swift; sourceTree = "<group>"; };
		FA8813601FD39A30006D6B10 /* EventHistoryViewController.swift */ = {isa = PBXFileReference; lastKnownFileType = sourcecode.swift; path = EventHistoryViewController.swift; sourceTree = "<group>"; };
		FA882E481FC26F5B00D609BC /* Base.lproj */ = {isa = PBXFileReference; lastKnownFileType = folder; path = Base.lproj; sourceTree = "<group>"; };
		FA882E491FC26F5B00D609BC /* SearchViewController.swift */ = {isa = PBXFileReference; fileEncoding = 4; lastKnownFileType = sourcecode.swift; path = SearchViewController.swift; sourceTree = "<group>"; };
		FA882E4B1FC26F5B00D609BC /* AppDelegate.swift */ = {isa = PBXFileReference; fileEncoding = 4; lastKnownFileType = sourcecode.swift; path = AppDelegate.swift; sourceTree = "<group>"; };
		FA882E4C1FC26F5C00D609BC /* LocationPoint.swift */ = {isa = PBXFileReference; fileEncoding = 4; lastKnownFileType = sourcecode.swift; path = LocationPoint.swift; sourceTree = "<group>"; };
		FA882E4E1FC26F5C00D609BC /* Info.plist */ = {isa = PBXFileReference; fileEncoding = 4; lastKnownFileType = text.plist.xml; path = Info.plist; sourceTree = "<group>"; };
		FA882E4F1FC26F5C00D609BC /* ViewController.swift */ = {isa = PBXFileReference; fileEncoding = 4; lastKnownFileType = sourcecode.swift; path = ViewController.swift; sourceTree = "<group>"; };
		FA882E581FC2771F00D609BC /* GoogleService-Info.plist */ = {isa = PBXFileReference; fileEncoding = 4; lastKnownFileType = text.plist.xml; path = "GoogleService-Info.plist"; sourceTree = "<group>"; };
		FA8E9C7A1FC4D07F0011ADD2 /* Group.swift */ = {isa = PBXFileReference; lastKnownFileType = sourcecode.swift; path = Group.swift; sourceTree = "<group>"; };
		FA8E9C7C1FC4D0AF0011ADD2 /* User.swift */ = {isa = PBXFileReference; lastKnownFileType = sourcecode.swift; path = User.swift; sourceTree = "<group>"; };
		FA8E9C7E1FC4D0F80011ADD2 /* Event.swift */ = {isa = PBXFileReference; lastKnownFileType = sourcecode.swift; path = Event.swift; sourceTree = "<group>"; };
		FA8E9C801FC542390011ADD2 /* LoginViewController.swift */ = {isa = PBXFileReference; lastKnownFileType = sourcecode.swift; path = LoginViewController.swift; sourceTree = "<group>"; };
		FA90750B1FC638110079CFDA /* MainTabBarController.swift */ = {isa = PBXFileReference; lastKnownFileType = sourcecode.swift; name = MainTabBarController.swift; path = /Users/ryansproule/Documents/CSE438/SafeZoneiOS/att2/MainTabBarController.swift; sourceTree = "<absolute>"; };
		FA90750F1FC63EE00079CFDA /* RegistrationViewController.swift */ = {isa = PBXFileReference; lastKnownFileType = sourcecode.swift; name = RegistrationViewController.swift; path = /Users/ryansproule/Documents/CSE438/SafeZoneiOS/att2/RegistrationViewController.swift; sourceTree = "<absolute>"; };
		FAE3686D1FD1E9E100F359B4 /* SelectLocationViewController.swift */ = {isa = PBXFileReference; lastKnownFileType = sourcecode.swift; path = SelectLocationViewController.swift; sourceTree = "<group>"; };
		FAE9A4851FD2182E00B77EFA /* HomeViewController.swift */ = {isa = PBXFileReference; lastKnownFileType = sourcecode.swift; path = HomeViewController.swift; sourceTree = "<group>"; };
/* End PBXFileReference section */

/* Begin PBXFrameworksBuildPhase section */
		684D0E681FBCB5FA00A55755 /* Frameworks */ = {
			isa = PBXFrameworksBuildPhase;
			buildActionMask = 2147483647;
			files = (
				FA4C3F5A1FD1D174009F149C /* MapKit.framework in Frameworks */,
				FA4C3F581FD1D166009F149C /* Pods_att2.framework in Frameworks */,
			);
			runOnlyForDeploymentPostprocessing = 0;
		};
		684D0E7C1FBCB5FA00A55755 /* Frameworks */ = {
			isa = PBXFrameworksBuildPhase;
			buildActionMask = 2147483647;
			files = (
				A66AF909259FD78B3E14FE42 /* Pods_att2Tests.framework in Frameworks */,
			);
			runOnlyForDeploymentPostprocessing = 0;
		};
		684D0E871FBCB5FA00A55755 /* Frameworks */ = {
			isa = PBXFrameworksBuildPhase;
			buildActionMask = 2147483647;
			files = (
				3EB101C5AE3DBE1B0F00F0C1 /* Pods_att2UITests.framework in Frameworks */,
			);
			runOnlyForDeploymentPostprocessing = 0;
		};
/* End PBXFrameworksBuildPhase section */

/* Begin PBXGroup section */
		684D0E621FBCB5FA00A55755 = {
			isa = PBXGroup;
			children = (
				684D0E6D1FBCB5FA00A55755 /* att2 */,
				684D0E821FBCB5FA00A55755 /* att2Tests */,
				684D0E8D1FBCB5FA00A55755 /* att2UITests */,
				684D0E6C1FBCB5FA00A55755 /* Products */,
				684D0E9E1FBCB73B00A55755 /* Frameworks */,
				C98495DC86049DF8E2BE406D /* Pods */,
			);
			sourceTree = "<group>";
		};
		684D0E6C1FBCB5FA00A55755 /* Products */ = {
			isa = PBXGroup;
			children = (
				684D0E6B1FBCB5FA00A55755 /* att2.app */,
				684D0E7F1FBCB5FA00A55755 /* att2Tests.xctest */,
				684D0E8A1FBCB5FA00A55755 /* att2UITests.xctest */,
			);
			name = Products;
			sourceTree = "<group>";
		};
		684D0E6D1FBCB5FA00A55755 /* att2 */ = {
			isa = PBXGroup;
			children = (
				FA882E4B1FC26F5B00D609BC /* AppDelegate.swift */,
				FA882E481FC26F5B00D609BC /* Base.lproj */,
				FA882E4E1FC26F5C00D609BC /* Info.plist */,
				FA882E581FC2771F00D609BC /* GoogleService-Info.plist */,
				FA90750F1FC63EE00079CFDA /* RegistrationViewController.swift */,
				FA882E4C1FC26F5C00D609BC /* LocationPoint.swift */,
				FA90750B1FC638110079CFDA /* MainTabBarController.swift */,
				FA882E491FC26F5B00D609BC /* SearchViewController.swift */,
				FA765DBE1FD200D8000741A6 /* EventInfoViewController.swift */,
				FA882E4F1FC26F5C00D609BC /* ViewController.swift */,
				FAE3686D1FD1E9E100F359B4 /* SelectLocationViewController.swift */,
				684D0E721FBCB5FA00A55755 /* Main.storyboard */,
				FA8813601FD39A30006D6B10 /* EventHistoryViewController.swift */,
				FA88135E1FD36372006D6B10 /* CurrentEventViewController.swift */,
				FAE9A4851FD2182E00B77EFA /* HomeViewController.swift */,
				FA22A9B11FCE662F00C7EE45 /* CreateGroupViewController.swift */,
				FA22A9AF1FCDFFFB00C7EE45 /* GroupInfoViewController.swift */,
				FA8E9C801FC542390011ADD2 /* LoginViewController.swift */,
				FA0323C31FC4CF440087DAF0 /* GroupListViewController.swift */,
				FA8E9C7A1FC4D07F0011ADD2 /* Group.swift */,
				FA8E9C7E1FC4D0F80011ADD2 /* Event.swift */,
				FA8E9C7C1FC4D0AF0011ADD2 /* User.swift */,
				684D0E751FBCB5FA00A55755 /* Assets.xcassets */,
				684D0E771FBCB5FA00A55755 /* LaunchScreen.storyboard */,
				684D0E7A1FBCB5FA00A55755 /* Info.plist */,
			);
			path = att2;
			sourceTree = "<group>";
		};
		684D0E821FBCB5FA00A55755 /* att2Tests */ = {
			isa = PBXGroup;
			children = (
				684D0E831FBCB5FA00A55755 /* att2Tests.swift */,
				684D0E851FBCB5FA00A55755 /* Info.plist */,
			);
			path = att2Tests;
			sourceTree = "<group>";
		};
		684D0E8D1FBCB5FA00A55755 /* att2UITests */ = {
			isa = PBXGroup;
			children = (
				684D0E8E1FBCB5FA00A55755 /* att2UITests.swift */,
				684D0E901FBCB5FA00A55755 /* Info.plist */,
			);
			path = att2UITests;
			sourceTree = "<group>";
		};
		684D0E9E1FBCB73B00A55755 /* Frameworks */ = {
			isa = PBXGroup;
			children = (
				FA4C3F591FD1D166009F149C /* Pods_att2.framework */,
				FA4C3F571FD1D0BB009F149C /* SwiftyJSON.framework */,
				684D0E9F1FBCB73B00A55755 /* MapKit.framework */,
				A012574C08B72B360AA50F9F /* Pods_att2.framework */,
				2EC02B69AEA1238522229691 /* Pods_att2Tests.framework */,
				83383CD68FCE1B02F0C41DD8 /* Pods_att2UITests.framework */,
			);
			name = Frameworks;
			sourceTree = "<group>";
		};
		C98495DC86049DF8E2BE406D /* Pods */ = {
			isa = PBXGroup;
			children = (
				19A13D915AEC1D2B5CE0DD0B /* Pods-att2.debug.xcconfig */,
				A70B0A97272C6050B2EE3544 /* Pods-att2.release.xcconfig */,
				98FD9146AEDA6080648D1379 /* Pods-att2Tests.debug.xcconfig */,
				38C881E15F19B606CF18BDC1 /* Pods-att2Tests.release.xcconfig */,
				45780A4412F11CAFEDF8BB40 /* Pods-att2UITests.debug.xcconfig */,
				88B1963C5D9F4795AAD891B8 /* Pods-att2UITests.release.xcconfig */,
			);
			name = Pods;
			sourceTree = "<group>";
		};
/* End PBXGroup section */

/* Begin PBXNativeTarget section */
		684D0E6A1FBCB5FA00A55755 /* att2 */ = {
			isa = PBXNativeTarget;
			buildConfigurationList = 684D0E931FBCB5FA00A55755 /* Build configuration list for PBXNativeTarget "att2" */;
			buildPhases = (
				59245DE3ABFF8770FE818445 /* [CP] Check Pods Manifest.lock */,
				684D0E671FBCB5FA00A55755 /* Sources */,
				684D0E681FBCB5FA00A55755 /* Frameworks */,
				684D0E691FBCB5FA00A55755 /* Resources */,
				1A8B75ED8DBD7A1474976D4E /* [CP] Embed Pods Frameworks */,
				6CDE03C20BA4BEE5A21F8534 /* [CP] Copy Pods Resources */,
			);
			buildRules = (
			);
			dependencies = (
			);
			name = att2;
			productName = att2;
			productReference = 684D0E6B1FBCB5FA00A55755 /* att2.app */;
			productType = "com.apple.product-type.application";
		};
		684D0E7E1FBCB5FA00A55755 /* att2Tests */ = {
			isa = PBXNativeTarget;
			buildConfigurationList = 684D0E961FBCB5FA00A55755 /* Build configuration list for PBXNativeTarget "att2Tests" */;
			buildPhases = (
				8B7A26D994B5EF258EE37487 /* [CP] Check Pods Manifest.lock */,
				684D0E7B1FBCB5FA00A55755 /* Sources */,
				684D0E7C1FBCB5FA00A55755 /* Frameworks */,
				684D0E7D1FBCB5FA00A55755 /* Resources */,
				5EE9B5A2AE3363CBD66634DB /* [CP] Embed Pods Frameworks */,
				5DE84C128F4DF609017B8C0E /* [CP] Copy Pods Resources */,
			);
			buildRules = (
			);
			dependencies = (
				684D0E811FBCB5FA00A55755 /* PBXTargetDependency */,
			);
			name = att2Tests;
			productName = att2Tests;
			productReference = 684D0E7F1FBCB5FA00A55755 /* att2Tests.xctest */;
			productType = "com.apple.product-type.bundle.unit-test";
		};
		684D0E891FBCB5FA00A55755 /* att2UITests */ = {
			isa = PBXNativeTarget;
			buildConfigurationList = 684D0E991FBCB5FA00A55755 /* Build configuration list for PBXNativeTarget "att2UITests" */;
			buildPhases = (
				6F4187CDA48ECC39923ECD66 /* [CP] Check Pods Manifest.lock */,
				684D0E861FBCB5FA00A55755 /* Sources */,
				684D0E871FBCB5FA00A55755 /* Frameworks */,
				684D0E881FBCB5FA00A55755 /* Resources */,
				524EC30FFDBFA7968995736D /* [CP] Embed Pods Frameworks */,
				EB54DB2CE3C727B0EF685DA3 /* [CP] Copy Pods Resources */,
			);
			buildRules = (
			);
			dependencies = (
				684D0E8C1FBCB5FA00A55755 /* PBXTargetDependency */,
			);
			name = att2UITests;
			productName = att2UITests;
			productReference = 684D0E8A1FBCB5FA00A55755 /* att2UITests.xctest */;
			productType = "com.apple.product-type.bundle.ui-testing";
		};
/* End PBXNativeTarget section */

/* Begin PBXProject section */
		684D0E631FBCB5FA00A55755 /* Project object */ = {
			isa = PBXProject;
			attributes = {
				LastSwiftUpdateCheck = 0830;
				LastUpgradeCheck = 0910;
				ORGANIZATIONNAME = "Sasha CSE438";
				TargetAttributes = {
					684D0E6A1FBCB5FA00A55755 = {
						CreatedOnToolsVersion = 8.3.3;
						DevelopmentTeam = CW67QXRY9P;
						ProvisioningStyle = Automatic;
						SystemCapabilities = {
							com.apple.BackgroundModes = {
								enabled = 1;
							};
							com.apple.Maps.iOS = {
								enabled = 1;
							};
						};
					};
					684D0E7E1FBCB5FA00A55755 = {
						CreatedOnToolsVersion = 8.3.3;
						ProvisioningStyle = Automatic;
						TestTargetID = 684D0E6A1FBCB5FA00A55755;
					};
					684D0E891FBCB5FA00A55755 = {
						CreatedOnToolsVersion = 8.3.3;
						ProvisioningStyle = Automatic;
						TestTargetID = 684D0E6A1FBCB5FA00A55755;
					};
				};
			};
			buildConfigurationList = 684D0E661FBCB5FA00A55755 /* Build configuration list for PBXProject "att2" */;
			compatibilityVersion = "Xcode 3.2";
			developmentRegion = English;
			hasScannedForEncodings = 0;
			knownRegions = (
				en,
				Base,
			);
			mainGroup = 684D0E621FBCB5FA00A55755;
			productRefGroup = 684D0E6C1FBCB5FA00A55755 /* Products */;
			projectDirPath = "";
			projectRoot = "";
			targets = (
				684D0E6A1FBCB5FA00A55755 /* att2 */,
				684D0E7E1FBCB5FA00A55755 /* att2Tests */,
				684D0E891FBCB5FA00A55755 /* att2UITests */,
			);
		};
/* End PBXProject section */

/* Begin PBXResourcesBuildPhase section */
		684D0E691FBCB5FA00A55755 /* Resources */ = {
			isa = PBXResourcesBuildPhase;
			buildActionMask = 2147483647;
			files = (
				684D0E791FBCB5FA00A55755 /* LaunchScreen.storyboard in Resources */,
				FA882E501FC26F5C00D609BC /* Base.lproj in Resources */,
				684D0E761FBCB5FA00A55755 /* Assets.xcassets in Resources */,
				684D0E741FBCB5FA00A55755 /* Main.storyboard in Resources */,
				FA882E561FC26F5C00D609BC /* Info.plist in Resources */,
				FA882E591FC2771F00D609BC /* GoogleService-Info.plist in Resources */,
			);
			runOnlyForDeploymentPostprocessing = 0;
		};
		684D0E7D1FBCB5FA00A55755 /* Resources */ = {
			isa = PBXResourcesBuildPhase;
			buildActionMask = 2147483647;
			files = (
			);
			runOnlyForDeploymentPostprocessing = 0;
		};
		684D0E881FBCB5FA00A55755 /* Resources */ = {
			isa = PBXResourcesBuildPhase;
			buildActionMask = 2147483647;
			files = (
			);
			runOnlyForDeploymentPostprocessing = 0;
		};
/* End PBXResourcesBuildPhase section */

/* Begin PBXShellScriptBuildPhase section */
		1A8B75ED8DBD7A1474976D4E /* [CP] Embed Pods Frameworks */ = {
			isa = PBXShellScriptBuildPhase;
			buildActionMask = 2147483647;
			files = (
			);
			inputPaths = (
				"${SRCROOT}/Pods/Target Support Files/Pods-att2/Pods-att2-frameworks.sh",
				"${BUILT_PRODUCTS_DIR}/DateTimePicker/DateTimePicker.framework",
				"${BUILT_PRODUCTS_DIR}/GoogleToolboxForMac/GoogleToolboxForMac.framework",
				"${BUILT_PRODUCTS_DIR}/SwiftyJSON/SwiftyJSON.framework",
				"${BUILT_PRODUCTS_DIR}/leveldb-library/leveldb.framework",
				"${BUILT_PRODUCTS_DIR}/nanopb/nanopb.framework",
			);
			name = "[CP] Embed Pods Frameworks";
			outputPaths = (
				"${TARGET_BUILD_DIR}/${FRAMEWORKS_FOLDER_PATH}/DateTimePicker.framework",
				"${TARGET_BUILD_DIR}/${FRAMEWORKS_FOLDER_PATH}/GoogleToolboxForMac.framework",
				"${TARGET_BUILD_DIR}/${FRAMEWORKS_FOLDER_PATH}/SwiftyJSON.framework",
				"${TARGET_BUILD_DIR}/${FRAMEWORKS_FOLDER_PATH}/leveldb.framework",
				"${TARGET_BUILD_DIR}/${FRAMEWORKS_FOLDER_PATH}/nanopb.framework",
			);
			runOnlyForDeploymentPostprocessing = 0;
			shellPath = /bin/sh;
			shellScript = "\"${SRCROOT}/Pods/Target Support Files/Pods-att2/Pods-att2-frameworks.sh\"\n";
			showEnvVarsInLog = 0;
		};
		524EC30FFDBFA7968995736D /* [CP] Embed Pods Frameworks */ = {
			isa = PBXShellScriptBuildPhase;
			buildActionMask = 2147483647;
			files = (
			);
			inputPaths = (
			);
			name = "[CP] Embed Pods Frameworks";
			outputPaths = (
			);
			runOnlyForDeploymentPostprocessing = 0;
			shellPath = /bin/sh;
			shellScript = "\"${SRCROOT}/Pods/Target Support Files/Pods-att2UITests/Pods-att2UITests-frameworks.sh\"\n";
			showEnvVarsInLog = 0;
		};
		59245DE3ABFF8770FE818445 /* [CP] Check Pods Manifest.lock */ = {
			isa = PBXShellScriptBuildPhase;
			buildActionMask = 2147483647;
			files = (
			);
			inputPaths = (
				"${PODS_PODFILE_DIR_PATH}/Podfile.lock",
				"${PODS_ROOT}/Manifest.lock",
			);
			name = "[CP] Check Pods Manifest.lock";
			outputPaths = (
				"$(DERIVED_FILE_DIR)/Pods-att2-checkManifestLockResult.txt",
			);
			runOnlyForDeploymentPostprocessing = 0;
			shellPath = /bin/sh;
			shellScript = "diff \"${PODS_PODFILE_DIR_PATH}/Podfile.lock\" \"${PODS_ROOT}/Manifest.lock\" > /dev/null\nif [ $? != 0 ] ; then\n    # print error to STDERR\n    echo \"error: The sandbox is not in sync with the Podfile.lock. Run 'pod install' or update your CocoaPods installation.\" >&2\n    exit 1\nfi\n# This output is used by Xcode 'outputs' to avoid re-running this script phase.\necho \"SUCCESS\" > \"${SCRIPT_OUTPUT_FILE_0}\"\n";
			showEnvVarsInLog = 0;
		};
		5DE84C128F4DF609017B8C0E /* [CP] Copy Pods Resources */ = {
			isa = PBXShellScriptBuildPhase;
			buildActionMask = 2147483647;
			files = (
			);
			inputPaths = (
			);
			name = "[CP] Copy Pods Resources";
			outputPaths = (
			);
			runOnlyForDeploymentPostprocessing = 0;
			shellPath = /bin/sh;
			shellScript = "\"${SRCROOT}/Pods/Target Support Files/Pods-att2Tests/Pods-att2Tests-resources.sh\"\n";
			showEnvVarsInLog = 0;
		};
		5EE9B5A2AE3363CBD66634DB /* [CP] Embed Pods Frameworks */ = {
			isa = PBXShellScriptBuildPhase;
			buildActionMask = 2147483647;
			files = (
			);
			inputPaths = (
			);
			name = "[CP] Embed Pods Frameworks";
			outputPaths = (
			);
			runOnlyForDeploymentPostprocessing = 0;
			shellPath = /bin/sh;
			shellScript = "\"${SRCROOT}/Pods/Target Support Files/Pods-att2Tests/Pods-att2Tests-frameworks.sh\"\n";
			showEnvVarsInLog = 0;
		};
		6CDE03C20BA4BEE5A21F8534 /* [CP] Copy Pods Resources */ = {
			isa = PBXShellScriptBuildPhase;
			buildActionMask = 2147483647;
			files = (
			);
			inputPaths = (
			);
			name = "[CP] Copy Pods Resources";
			outputPaths = (
			);
			runOnlyForDeploymentPostprocessing = 0;
			shellPath = /bin/sh;
			shellScript = "\"${SRCROOT}/Pods/Target Support Files/Pods-att2/Pods-att2-resources.sh\"\n";
			showEnvVarsInLog = 0;
		};
		6F4187CDA48ECC39923ECD66 /* [CP] Check Pods Manifest.lock */ = {
			isa = PBXShellScriptBuildPhase;
			buildActionMask = 2147483647;
			files = (
			);
			inputPaths = (
				"${PODS_PODFILE_DIR_PATH}/Podfile.lock",
				"${PODS_ROOT}/Manifest.lock",
			);
			name = "[CP] Check Pods Manifest.lock";
			outputPaths = (
				"$(DERIVED_FILE_DIR)/Pods-att2UITests-checkManifestLockResult.txt",
			);
			runOnlyForDeploymentPostprocessing = 0;
			shellPath = /bin/sh;
			shellScript = "diff \"${PODS_PODFILE_DIR_PATH}/Podfile.lock\" \"${PODS_ROOT}/Manifest.lock\" > /dev/null\nif [ $? != 0 ] ; then\n    # print error to STDERR\n    echo \"error: The sandbox is not in sync with the Podfile.lock. Run 'pod install' or update your CocoaPods installation.\" >&2\n    exit 1\nfi\n# This output is used by Xcode 'outputs' to avoid re-running this script phase.\necho \"SUCCESS\" > \"${SCRIPT_OUTPUT_FILE_0}\"\n";
			showEnvVarsInLog = 0;
		};
		8B7A26D994B5EF258EE37487 /* [CP] Check Pods Manifest.lock */ = {
			isa = PBXShellScriptBuildPhase;
			buildActionMask = 2147483647;
			files = (
			);
			inputPaths = (
				"${PODS_PODFILE_DIR_PATH}/Podfile.lock",
				"${PODS_ROOT}/Manifest.lock",
			);
			name = "[CP] Check Pods Manifest.lock";
			outputPaths = (
				"$(DERIVED_FILE_DIR)/Pods-att2Tests-checkManifestLockResult.txt",
			);
			runOnlyForDeploymentPostprocessing = 0;
			shellPath = /bin/sh;
			shellScript = "diff \"${PODS_PODFILE_DIR_PATH}/Podfile.lock\" \"${PODS_ROOT}/Manifest.lock\" > /dev/null\nif [ $? != 0 ] ; then\n    # print error to STDERR\n    echo \"error: The sandbox is not in sync with the Podfile.lock. Run 'pod install' or update your CocoaPods installation.\" >&2\n    exit 1\nfi\n# This output is used by Xcode 'outputs' to avoid re-running this script phase.\necho \"SUCCESS\" > \"${SCRIPT_OUTPUT_FILE_0}\"\n";
			showEnvVarsInLog = 0;
		};
		EB54DB2CE3C727B0EF685DA3 /* [CP] Copy Pods Resources */ = {
			isa = PBXShellScriptBuildPhase;
			buildActionMask = 2147483647;
			files = (
			);
			inputPaths = (
			);
			name = "[CP] Copy Pods Resources";
			outputPaths = (
			);
			runOnlyForDeploymentPostprocessing = 0;
			shellPath = /bin/sh;
			shellScript = "\"${SRCROOT}/Pods/Target Support Files/Pods-att2UITests/Pods-att2UITests-resources.sh\"\n";
			showEnvVarsInLog = 0;
		};
/* End PBXShellScriptBuildPhase section */

/* Begin PBXSourcesBuildPhase section */
		684D0E671FBCB5FA00A55755 /* Sources */ = {
			isa = PBXSourcesBuildPhase;
			buildActionMask = 2147483647;
			files = (
				FA765DBF1FD200D8000741A6 /* EventInfoViewController.swift in Sources */,
				FA88135F1FD36372006D6B10 /* CurrentEventViewController.swift in Sources */,
				FA8E9C811FC542390011ADD2 /* LoginViewController.swift in Sources */,
				FA8E9C7F1FC4D0F80011ADD2 /* Event.swift in Sources */,
				FA90750C1FC638110079CFDA /* MainTabBarController.swift in Sources */,
				FA9075101FC63EE00079CFDA /* RegistrationViewController.swift in Sources */,
				FA882E511FC26F5C00D609BC /* SearchViewController.swift in Sources */,
				FA882E541FC26F5C00D609BC /* LocationPoint.swift in Sources */,
				FA0323C41FC4CF440087DAF0 /* GroupListViewController.swift in Sources */,
				FAE3686E1FD1E9E100F359B4 /* SelectLocationViewController.swift in Sources */,
				FA8E9C7B1FC4D07F0011ADD2 /* Group.swift in Sources */,
				FA22A9B21FCE662F00C7EE45 /* CreateGroupViewController.swift in Sources */,
				FAE9A4861FD2182E00B77EFA /* HomeViewController.swift in Sources */,
				FA22A9B01FCDFFFB00C7EE45 /* GroupInfoViewController.swift in Sources */,
				FA8813611FD39A30006D6B10 /* EventHistoryViewController.swift in Sources */,
				FA882E571FC26F5C00D609BC /* ViewController.swift in Sources */,
				FA882E531FC26F5C00D609BC /* AppDelegate.swift in Sources */,
				FA8E9C7D1FC4D0AF0011ADD2 /* User.swift in Sources */,
			);
			runOnlyForDeploymentPostprocessing = 0;
		};
		684D0E7B1FBCB5FA00A55755 /* Sources */ = {
			isa = PBXSourcesBuildPhase;
			buildActionMask = 2147483647;
			files = (
				684D0E841FBCB5FA00A55755 /* att2Tests.swift in Sources */,
			);
			runOnlyForDeploymentPostprocessing = 0;
		};
		684D0E861FBCB5FA00A55755 /* Sources */ = {
			isa = PBXSourcesBuildPhase;
			buildActionMask = 2147483647;
			files = (
				684D0E8F1FBCB5FA00A55755 /* att2UITests.swift in Sources */,
			);
			runOnlyForDeploymentPostprocessing = 0;
		};
/* End PBXSourcesBuildPhase section */

/* Begin PBXTargetDependency section */
		684D0E811FBCB5FA00A55755 /* PBXTargetDependency */ = {
			isa = PBXTargetDependency;
			target = 684D0E6A1FBCB5FA00A55755 /* att2 */;
			targetProxy = 684D0E801FBCB5FA00A55755 /* PBXContainerItemProxy */;
		};
		684D0E8C1FBCB5FA00A55755 /* PBXTargetDependency */ = {
			isa = PBXTargetDependency;
			target = 684D0E6A1FBCB5FA00A55755 /* att2 */;
			targetProxy = 684D0E8B1FBCB5FA00A55755 /* PBXContainerItemProxy */;
		};
/* End PBXTargetDependency section */

/* Begin PBXVariantGroup section */
		684D0E721FBCB5FA00A55755 /* Main.storyboard */ = {
			isa = PBXVariantGroup;
			children = (
				684D0E731FBCB5FA00A55755 /* Base */,
			);
			name = Main.storyboard;
			sourceTree = "<group>";
		};
		684D0E771FBCB5FA00A55755 /* LaunchScreen.storyboard */ = {
			isa = PBXVariantGroup;
			children = (
				684D0E781FBCB5FA00A55755 /* Base */,
			);
			name = LaunchScreen.storyboard;
			sourceTree = "<group>";
		};
/* End PBXVariantGroup section */

/* Begin XCBuildConfiguration section */
		684D0E911FBCB5FA00A55755 /* Debug */ = {
			isa = XCBuildConfiguration;
			buildSettings = {
				ALWAYS_SEARCH_USER_PATHS = NO;
				CLANG_ANALYZER_NONNULL = YES;
				CLANG_ANALYZER_NUMBER_OBJECT_CONVERSION = YES_AGGRESSIVE;
				CLANG_CXX_LANGUAGE_STANDARD = "gnu++0x";
				CLANG_CXX_LIBRARY = "libc++";
				CLANG_ENABLE_MODULES = YES;
				CLANG_ENABLE_OBJC_ARC = YES;
				CLANG_WARN_BLOCK_CAPTURE_AUTORELEASING = YES;
				CLANG_WARN_BOOL_CONVERSION = YES;
				CLANG_WARN_COMMA = YES;
				CLANG_WARN_CONSTANT_CONVERSION = YES;
				CLANG_WARN_DIRECT_OBJC_ISA_USAGE = YES_ERROR;
				CLANG_WARN_DOCUMENTATION_COMMENTS = YES;
				CLANG_WARN_EMPTY_BODY = YES;
				CLANG_WARN_ENUM_CONVERSION = YES;
				CLANG_WARN_INFINITE_RECURSION = YES;
				CLANG_WARN_INT_CONVERSION = YES;
				CLANG_WARN_NON_LITERAL_NULL_CONVERSION = YES;
				CLANG_WARN_OBJC_LITERAL_CONVERSION = YES;
				CLANG_WARN_OBJC_ROOT_CLASS = YES_ERROR;
				CLANG_WARN_RANGE_LOOP_ANALYSIS = YES;
				CLANG_WARN_STRICT_PROTOTYPES = YES;
				CLANG_WARN_SUSPICIOUS_MOVE = YES;
				CLANG_WARN_UNREACHABLE_CODE = YES;
				CLANG_WARN__DUPLICATE_METHOD_MATCH = YES;
				"CODE_SIGN_IDENTITY[sdk=iphoneos*]" = "iPhone Developer";
				COPY_PHASE_STRIP = NO;
				DEBUG_INFORMATION_FORMAT = dwarf;
				ENABLE_STRICT_OBJC_MSGSEND = YES;
				ENABLE_TESTABILITY = YES;
				GCC_C_LANGUAGE_STANDARD = gnu99;
				GCC_DYNAMIC_NO_PIC = NO;
				GCC_NO_COMMON_BLOCKS = YES;
				GCC_OPTIMIZATION_LEVEL = 0;
				GCC_PREPROCESSOR_DEFINITIONS = (
					"DEBUG=1",
					"$(inherited)",
				);
				GCC_WARN_64_TO_32_BIT_CONVERSION = YES;
				GCC_WARN_ABOUT_RETURN_TYPE = YES_ERROR;
				GCC_WARN_UNDECLARED_SELECTOR = YES;
				GCC_WARN_UNINITIALIZED_AUTOS = YES_AGGRESSIVE;
				GCC_WARN_UNUSED_FUNCTION = YES;
				GCC_WARN_UNUSED_VARIABLE = YES;
				IPHONEOS_DEPLOYMENT_TARGET = 10.3;
				MTL_ENABLE_DEBUG_INFO = YES;
				ONLY_ACTIVE_ARCH = YES;
				SDKROOT = iphoneos;
				SWIFT_ACTIVE_COMPILATION_CONDITIONS = DEBUG;
				SWIFT_OPTIMIZATION_LEVEL = "-Onone";
				TARGETED_DEVICE_FAMILY = "1,2";
			};
			name = Debug;
		};
		684D0E921FBCB5FA00A55755 /* Release */ = {
			isa = XCBuildConfiguration;
			buildSettings = {
				ALWAYS_SEARCH_USER_PATHS = NO;
				CLANG_ANALYZER_NONNULL = YES;
				CLANG_ANALYZER_NUMBER_OBJECT_CONVERSION = YES_AGGRESSIVE;
				CLANG_CXX_LANGUAGE_STANDARD = "gnu++0x";
				CLANG_CXX_LIBRARY = "libc++";
				CLANG_ENABLE_MODULES = YES;
				CLANG_ENABLE_OBJC_ARC = YES;
				CLANG_WARN_BLOCK_CAPTURE_AUTORELEASING = YES;
				CLANG_WARN_BOOL_CONVERSION = YES;
				CLANG_WARN_COMMA = YES;
				CLANG_WARN_CONSTANT_CONVERSION = YES;
				CLANG_WARN_DIRECT_OBJC_ISA_USAGE = YES_ERROR;
				CLANG_WARN_DOCUMENTATION_COMMENTS = YES;
				CLANG_WARN_EMPTY_BODY = YES;
				CLANG_WARN_ENUM_CONVERSION = YES;
				CLANG_WARN_INFINITE_RECURSION = YES;
				CLANG_WARN_INT_CONVERSION = YES;
				CLANG_WARN_NON_LITERAL_NULL_CONVERSION = YES;
				CLANG_WARN_OBJC_LITERAL_CONVERSION = YES;
				CLANG_WARN_OBJC_ROOT_CLASS = YES_ERROR;
				CLANG_WARN_RANGE_LOOP_ANALYSIS = YES;
				CLANG_WARN_STRICT_PROTOTYPES = YES;
				CLANG_WARN_SUSPICIOUS_MOVE = YES;
				CLANG_WARN_UNREACHABLE_CODE = YES;
				CLANG_WARN__DUPLICATE_METHOD_MATCH = YES;
				"CODE_SIGN_IDENTITY[sdk=iphoneos*]" = "iPhone Developer";
				COPY_PHASE_STRIP = NO;
				DEBUG_INFORMATION_FORMAT = "dwarf-with-dsym";
				ENABLE_NS_ASSERTIONS = NO;
				ENABLE_STRICT_OBJC_MSGSEND = YES;
				GCC_C_LANGUAGE_STANDARD = gnu99;
				GCC_NO_COMMON_BLOCKS = YES;
				GCC_WARN_64_TO_32_BIT_CONVERSION = YES;
				GCC_WARN_ABOUT_RETURN_TYPE = YES_ERROR;
				GCC_WARN_UNDECLARED_SELECTOR = YES;
				GCC_WARN_UNINITIALIZED_AUTOS = YES_AGGRESSIVE;
				GCC_WARN_UNUSED_FUNCTION = YES;
				GCC_WARN_UNUSED_VARIABLE = YES;
				IPHONEOS_DEPLOYMENT_TARGET = 10.3;
				MTL_ENABLE_DEBUG_INFO = NO;
				SDKROOT = iphoneos;
				SWIFT_OPTIMIZATION_LEVEL = "-Owholemodule";
				TARGETED_DEVICE_FAMILY = "1,2";
				VALIDATE_PRODUCT = YES;
			};
			name = Release;
		};
		684D0E941FBCB5FA00A55755 /* Debug */ = {
			isa = XCBuildConfiguration;
			baseConfigurationReference = 19A13D915AEC1D2B5CE0DD0B /* Pods-att2.debug.xcconfig */;
			buildSettings = {
				ASSETCATALOG_COMPILER_APPICON_NAME = SafeZoneAppIcon;
				DEVELOPMENT_TEAM = CW67QXRY9P;
				INFOPLIST_FILE = att2/Info.plist;
				LD_RUNPATH_SEARCH_PATHS = "$(inherited) @executable_path/Frameworks";
				PRODUCT_BUNDLE_IDENTIFIER = wustl.att2;
				PRODUCT_NAME = "$(TARGET_NAME)";
				SWIFT_VERSION = 3.0;
			};
			name = Debug;
		};
		684D0E951FBCB5FA00A55755 /* Release */ = {
			isa = XCBuildConfiguration;
			baseConfigurationReference = A70B0A97272C6050B2EE3544 /* Pods-att2.release.xcconfig */;
			buildSettings = {
				ASSETCATALOG_COMPILER_APPICON_NAME = SafeZoneAppIcon;
				DEVELOPMENT_TEAM = CW67QXRY9P;
				INFOPLIST_FILE = att2/Info.plist;
				LD_RUNPATH_SEARCH_PATHS = "$(inherited) @executable_path/Frameworks";
				PRODUCT_BUNDLE_IDENTIFIER = wustl.att2;
				PRODUCT_NAME = "$(TARGET_NAME)";
				SWIFT_VERSION = 3.0;
			};
			name = Release;
		};
		684D0E971FBCB5FA00A55755 /* Debug */ = {
			isa = XCBuildConfiguration;
			baseConfigurationReference = 98FD9146AEDA6080648D1379 /* Pods-att2Tests.debug.xcconfig */;
			buildSettings = {
				ALWAYS_EMBED_SWIFT_STANDARD_LIBRARIES = YES;
				BUNDLE_LOADER = "$(TEST_HOST)";
				INFOPLIST_FILE = att2Tests/Info.plist;
				LD_RUNPATH_SEARCH_PATHS = "$(inherited) @executable_path/Frameworks @loader_path/Frameworks";
				PRODUCT_BUNDLE_IDENTIFIER = wustl.att2Tests;
				PRODUCT_NAME = "$(TARGET_NAME)";
				SWIFT_VERSION = 3.0;
				TEST_HOST = "$(BUILT_PRODUCTS_DIR)/att2.app/att2";
			};
			name = Debug;
		};
		684D0E981FBCB5FA00A55755 /* Release */ = {
			isa = XCBuildConfiguration;
			baseConfigurationReference = 38C881E15F19B606CF18BDC1 /* Pods-att2Tests.release.xcconfig */;
			buildSettings = {
				ALWAYS_EMBED_SWIFT_STANDARD_LIBRARIES = YES;
				BUNDLE_LOADER = "$(TEST_HOST)";
				INFOPLIST_FILE = att2Tests/Info.plist;
				LD_RUNPATH_SEARCH_PATHS = "$(inherited) @executable_path/Frameworks @loader_path/Frameworks";
				PRODUCT_BUNDLE_IDENTIFIER = wustl.att2Tests;
				PRODUCT_NAME = "$(TARGET_NAME)";
				SWIFT_VERSION = 3.0;
				TEST_HOST = "$(BUILT_PRODUCTS_DIR)/att2.app/att2";
			};
			name = Release;
		};
		684D0E9A1FBCB5FA00A55755 /* Debug */ = {
			isa = XCBuildConfiguration;
			baseConfigurationReference = 45780A4412F11CAFEDF8BB40 /* Pods-att2UITests.debug.xcconfig */;
			buildSettings = {
				ALWAYS_EMBED_SWIFT_STANDARD_LIBRARIES = YES;
				INFOPLIST_FILE = att2UITests/Info.plist;
				LD_RUNPATH_SEARCH_PATHS = "$(inherited) @executable_path/Frameworks @loader_path/Frameworks";
				PRODUCT_BUNDLE_IDENTIFIER = wustl.att2UITests;
				PRODUCT_NAME = "$(TARGET_NAME)";
				SWIFT_VERSION = 3.0;
				TEST_TARGET_NAME = att2;
			};
			name = Debug;
		};
		684D0E9B1FBCB5FA00A55755 /* Release */ = {
			isa = XCBuildConfiguration;
			baseConfigurationReference = 88B1963C5D9F4795AAD891B8 /* Pods-att2UITests.release.xcconfig */;
			buildSettings = {
				ALWAYS_EMBED_SWIFT_STANDARD_LIBRARIES = YES;
				INFOPLIST_FILE = att2UITests/Info.plist;
				LD_RUNPATH_SEARCH_PATHS = "$(inherited) @executable_path/Frameworks @loader_path/Frameworks";
				PRODUCT_BUNDLE_IDENTIFIER = wustl.att2UITests;
				PRODUCT_NAME = "$(TARGET_NAME)";
				SWIFT_VERSION = 3.0;
				TEST_TARGET_NAME = att2;
			};
			name = Release;
		};
/* End XCBuildConfiguration section */

/* Begin XCConfigurationList section */
		684D0E661FBCB5FA00A55755 /* Build configuration list for PBXProject "att2" */ = {
			isa = XCConfigurationList;
			buildConfigurations = (
				684D0E911FBCB5FA00A55755 /* Debug */,
				684D0E921FBCB5FA00A55755 /* Release */,
			);
			defaultConfigurationIsVisible = 0;
			defaultConfigurationName = Release;
		};
		684D0E931FBCB5FA00A55755 /* Build configuration list for PBXNativeTarget "att2" */ = {
			isa = XCConfigurationList;
			buildConfigurations = (
				684D0E941FBCB5FA00A55755 /* Debug */,
				684D0E951FBCB5FA00A55755 /* Release */,
			);
			defaultConfigurationIsVisible = 0;
			defaultConfigurationName = Release;
		};
		684D0E961FBCB5FA00A55755 /* Build configuration list for PBXNativeTarget "att2Tests" */ = {
			isa = XCConfigurationList;
			buildConfigurations = (
				684D0E971FBCB5FA00A55755 /* Debug */,
				684D0E981FBCB5FA00A55755 /* Release */,
			);
			defaultConfigurationIsVisible = 0;
			defaultConfigurationName = Release;
		};
		684D0E991FBCB5FA00A55755 /* Build configuration list for PBXNativeTarget "att2UITests" */ = {
			isa = XCConfigurationList;
			buildConfigurations = (
				684D0E9A1FBCB5FA00A55755 /* Debug */,
				684D0E9B1FBCB5FA00A55755 /* Release */,
			);
			defaultConfigurationIsVisible = 0;
			defaultConfigurationName = Release;
		};
/* End XCConfigurationList section */
	};
	rootObject = 684D0E631FBCB5FA00A55755 /* Project object */;
}
